
Microsoft Visual Studio Solution File, Format Version 12.00
# Visual Studio Version 17
VisualStudioVersion = 17.14.36221.1 d17.14
MinimumVisualStudioVersion = 10.0.40219.1
Project("{FAE04EC0-301F-11D3-BF4B-00C04F79EFBC}") = "Assignment", "Assignment\Assignment.csproj", "{81A4A512-4863-4E63-8D50-86187E28B6EF}"
EndProject
Project("{FAE04EC0-301F-11D3-BF4B-00C04F79EFBC}") = "Demo", "Demo\Demo.csproj", "{DE49A355-9049-4569-9DA3-B2632CE7AEAD}"
EndProject
Global
	GlobalSection(SolutionConfigurationPlatforms) = preSolution
		Debug|Any CPU = Debug|Any CPU
		Release|Any CPU = Release|Any CPU
	EndGlobalSection
	GlobalSection(ProjectConfigurationPlatforms) = postSolution
		{81A4A512-4863-4E63-8D50-86187E28B6EF}.Debug|Any CPU.ActiveCfg = Debug|Any CPU
		{81A4A512-4863-4E63-8D50-86187E28B6EF}.Debug|Any CPU.Build.0 = Debug|Any CPU
		{81A4A512-4863-4E63-8D50-86187E28B6EF}.Release|Any CPU.ActiveCfg = Release|Any CPU
		{81A4A512-4863-4E63-8D50-86187E28B6EF}.Release|Any CPU.Build.0 = Release|Any CPU
		{DE49A355-9049-4569-9DA3-B2632CE7AEAD}.Debug|Any CPU.ActiveCfg = Debug|Any CPU
		{DE49A355-9049-4569-9DA3-B2632CE7AEAD}.Debug|Any CPU.Build.0 = Debug|Any CPU
		{DE49A355-9049-4569-9DA3-B2632CE7AEAD}.Release|Any CPU.ActiveCfg = Release|Any CPU
		{DE49A355-9049-4569-9DA3-B2632CE7AEAD}.Release|Any CPU.Build.0 = Release|Any CPU
	EndGlobalSection
	GlobalSection(SolutionProperties) = preSolution
		HideSolutionNode = FALSE
	EndGlobalSection
	GlobalSection(ExtensibilityGlobals) = postSolution
		SolutionGuid = {9D72309A-56A7-40FB-AA67-5F2AF05ABD61}
	EndGlobalSection
EndGlobal
